
Microsoft Visual Studio Solution File, Format Version 12.00
# Visual Studio Version 17
VisualStudioVersion = 17.5.002.0
MinimumVisualStudioVersion = 10.0.40219.1
Project("{9A19103F-16F7-4668-BE54-9A1E7A4F7556}") = "AppWeb1", "AppWeb1.csproj", "{AA447BD1-0E53-49EC-B854-2F06AE7DFED9}"
EndProject
Global
	GlobalSection(SolutionConfigurationPlatforms) = preSolution
		Debug|Any CPU = Debug|Any CPU
		Release|Any CPU = Release|Any CPU
	EndGlobalSection
	GlobalSection(ProjectConfigurationPlatforms) = postSolution
		{AA447BD1-0E53-49EC-B854-2F06AE7DFED9}.Debug|Any CPU.ActiveCfg = Debug|Any CPU
		{AA447BD1-0E53-49EC-B854-2F06AE7DFED9}.Debug|Any CPU.Build.0 = Debug|Any CPU
		{AA447BD1-0E53-49EC-B854-2F06AE7DFED9}.Release|Any CPU.ActiveCfg = Release|Any CPU
		{AA447BD1-0E53-49EC-B854-2F06AE7DFED9}.Release|Any CPU.Build.0 = Release|Any CPU
	EndGlobalSection
	GlobalSection(SolutionProperties) = preSolution
		HideSolutionNode = FALSE
	EndGlobalSection
	GlobalSection(ExtensibilityGlobals) = postSolution
		SolutionGuid = {87EAC0D5-03A3-4656-9B29-DF956FE6EDDF}
	EndGlobalSection
EndGlobal
